
Microsoft Visual Studio Solution File, Format Version 12.00
# Visual Studio 15
VisualStudioVersion = 15.0.28307.1738
MinimumVisualStudioVersion = 10.0.40219.1
Project("{159641D6-6404-4A2A-AE62-294DE0FE8301}") = "AmazingMart", "AmazingMart\AmazingMart.dtproj", "{A20407DA-7F5E-4855-B115-698DECB31E75}"
EndProject
Project("{F14B399A-7131-4C87-9E4B-1186C45EF12D}") = "Report Project1", "Report Project1\Report Project1.rptproj", "{086A542D-5B92-4FF0-B0AC-DE1A8E15C25D}"
EndProject
Global
	GlobalSection(SolutionConfigurationPlatforms) = preSolution
		Debug|Default = Debug|Default
		DebugLocal|Default = DebugLocal|Default
		Development|Default = Development|Default
		Release|Default = Release|Default
	EndGlobalSection
	GlobalSection(ProjectConfigurationPlatforms) = postSolution
		{A20407DA-7F5E-4855-B115-698DECB31E75}.Debug|Default.ActiveCfg = Development
		{A20407DA-7F5E-4855-B115-698DECB31E75}.Debug|Default.Build.0 = Development
		{A20407DA-7F5E-4855-B115-698DECB31E75}.DebugLocal|Default.ActiveCfg = Development
		{A20407DA-7F5E-4855-B115-698DECB31E75}.DebugLocal|Default.Build.0 = Development
		{A20407DA-7F5E-4855-B115-698DECB31E75}.Development|Default.ActiveCfg = Development
		{A20407DA-7F5E-4855-B115-698DECB31E75}.Development|Default.Build.0 = Development
		{A20407DA-7F5E-4855-B115-698DECB31E75}.Release|Default.ActiveCfg = Development
		{A20407DA-7F5E-4855-B115-698DECB31E75}.Release|Default.Build.0 = Development
		{086A542D-5B92-4FF0-B0AC-DE1A8E15C25D}.Debug|Default.ActiveCfg = Debug
		{086A542D-5B92-4FF0-B0AC-DE1A8E15C25D}.Debug|Default.Build.0 = Debug
		{086A542D-5B92-4FF0-B0AC-DE1A8E15C25D}.Debug|Default.Deploy.0 = Debug
		{086A542D-5B92-4FF0-B0AC-DE1A8E15C25D}.DebugLocal|Default.ActiveCfg = DebugLocal
		{086A542D-5B92-4FF0-B0AC-DE1A8E15C25D}.DebugLocal|Default.Build.0 = DebugLocal
		{086A542D-5B92-4FF0-B0AC-DE1A8E15C25D}.Development|Default.ActiveCfg = DebugLocal
		{086A542D-5B92-4FF0-B0AC-DE1A8E15C25D}.Development|Default.Build.0 = DebugLocal
		{086A542D-5B92-4FF0-B0AC-DE1A8E15C25D}.Release|Default.ActiveCfg = Release
		{086A542D-5B92-4FF0-B0AC-DE1A8E15C25D}.Release|Default.Build.0 = Release
		{086A542D-5B92-4FF0-B0AC-DE1A8E15C25D}.Release|Default.Deploy.0 = Release
	EndGlobalSection
	GlobalSection(SolutionProperties) = preSolution
		HideSolutionNode = FALSE
	EndGlobalSection
	GlobalSection(ExtensibilityGlobals) = postSolution
		SolutionGuid = {DF532D7B-EE76-4CBE-B083-3BD98757AE40}
	EndGlobalSection
EndGlobal
